
Microsoft Visual Studio Solution File, Format Version 12.00
# Visual Studio 15
VisualStudioVersion = 15.0.28010.2036
MinimumVisualStudioVersion = 10.0.40219.1
Project("{9A19103F-16F7-4668-BE54-9A1E7A4F7556}") = "Application", "Application\Application.csproj", "{01A9DACA-D032-4286-834F-C037E6797818}"
EndProject
Project("{9A19103F-16F7-4668-BE54-9A1E7A4F7556}") = "Host.MVC.Core", "Host.MVC.Core\Host.MVC.Core.csproj", "{D24896B1-107D-46C5-B2A4-5D733C9DDC13}"
EndProject
Project("{9A19103F-16F7-4668-BE54-9A1E7A4F7556}") = "DataLoader", "DataLoader\DataLoader.csproj", "{83B9FA45-C9BD-4558-ABB6-B78A4E13D9D2}"
EndProject
Project("{9A19103F-16F7-4668-BE54-9A1E7A4F7556}") = "Host.DataService", "ContosoTravel.Web.Host.DataService\Host.DataService.csproj", "{93D0D0EA-0E82-44C3-868F-CBBF2210BBDE}"
EndProject
Project("{FAE04EC0-301F-11D3-BF4B-00C04F79EFBC}") = "Host.ItineraryService", "ContosoTravel.Web.Host.ItineraryService\Host.ItineraryService.csproj", "{1D3587F9-7AF2-44CE-8BD3-548997DBDC3A}"
EndProject
Global
	GlobalSection(SolutionConfigurationPlatforms) = preSolution
		DataLoaders|Any CPU = DataLoaders|Any CPU
		Debug|Any CPU = Debug|Any CPU
		Release|Any CPU = Release|Any CPU
		ServicesCoreEventGrid|Any CPU = ServicesCoreEventGrid|Any CPU
		ServicesCoreServiceBus|Any CPU = ServicesCoreServiceBus|Any CPU
		WebCore|Any CPU = WebCore|Any CPU
		WebFull|Any CPU = WebFull|Any CPU
	EndGlobalSection
	GlobalSection(ProjectConfigurationPlatforms) = postSolution
		{01A9DACA-D032-4286-834F-C037E6797818}.DataLoaders|Any CPU.ActiveCfg = Release|Any CPU
		{01A9DACA-D032-4286-834F-C037E6797818}.DataLoaders|Any CPU.Build.0 = Release|Any CPU
		{01A9DACA-D032-4286-834F-C037E6797818}.Debug|Any CPU.ActiveCfg = Debug|Any CPU
		{01A9DACA-D032-4286-834F-C037E6797818}.Debug|Any CPU.Build.0 = Debug|Any CPU
		{01A9DACA-D032-4286-834F-C037E6797818}.Release|Any CPU.ActiveCfg = Release|Any CPU
		{01A9DACA-D032-4286-834F-C037E6797818}.Release|Any CPU.Build.0 = Release|Any CPU
		{01A9DACA-D032-4286-834F-C037E6797818}.ServicesCoreEventGrid|Any CPU.ActiveCfg = Release|Any CPU
		{01A9DACA-D032-4286-834F-C037E6797818}.ServicesCoreEventGrid|Any CPU.Build.0 = Release|Any CPU
		{01A9DACA-D032-4286-834F-C037E6797818}.ServicesCoreServiceBus|Any CPU.ActiveCfg = Release|Any CPU
		{01A9DACA-D032-4286-834F-C037E6797818}.ServicesCoreServiceBus|Any CPU.Build.0 = Release|Any CPU
		{01A9DACA-D032-4286-834F-C037E6797818}.WebCore|Any CPU.ActiveCfg = Release|Any CPU
		{01A9DACA-D032-4286-834F-C037E6797818}.WebCore|Any CPU.Build.0 = Release|Any CPU
		{01A9DACA-D032-4286-834F-C037E6797818}.WebFull|Any CPU.ActiveCfg = Release|Any CPU
		{01A9DACA-D032-4286-834F-C037E6797818}.WebFull|Any CPU.Build.0 = Release|Any CPU
		{D24896B1-107D-46C5-B2A4-5D733C9DDC13}.DataLoaders|Any CPU.ActiveCfg = Release|Any CPU
		{D24896B1-107D-46C5-B2A4-5D733C9DDC13}.Debug|Any CPU.ActiveCfg = Debug|Any CPU
		{D24896B1-107D-46C5-B2A4-5D733C9DDC13}.Debug|Any CPU.Build.0 = Debug|Any CPU
		{D24896B1-107D-46C5-B2A4-5D733C9DDC13}.Release|Any CPU.ActiveCfg = Release|Any CPU
		{D24896B1-107D-46C5-B2A4-5D733C9DDC13}.Release|Any CPU.Build.0 = Release|Any CPU
		{D24896B1-107D-46C5-B2A4-5D733C9DDC13}.ServicesCoreEventGrid|Any CPU.ActiveCfg = Release|Any CPU
		{D24896B1-107D-46C5-B2A4-5D733C9DDC13}.ServicesCoreServiceBus|Any CPU.ActiveCfg = Release|Any CPU
		{D24896B1-107D-46C5-B2A4-5D733C9DDC13}.WebCore|Any CPU.ActiveCfg = Release|Any CPU
		{D24896B1-107D-46C5-B2A4-5D733C9DDC13}.WebCore|Any CPU.Build.0 = Release|Any CPU
		{D24896B1-107D-46C5-B2A4-5D733C9DDC13}.WebFull|Any CPU.ActiveCfg = Release|Any CPU
		{83B9FA45-C9BD-4558-ABB6-B78A4E13D9D2}.DataLoaders|Any CPU.ActiveCfg = Release|Any CPU
		{83B9FA45-C9BD-4558-ABB6-B78A4E13D9D2}.DataLoaders|Any CPU.Build.0 = Release|Any CPU
		{83B9FA45-C9BD-4558-ABB6-B78A4E13D9D2}.Debug|Any CPU.ActiveCfg = Debug|Any CPU
		{83B9FA45-C9BD-4558-ABB6-B78A4E13D9D2}.Debug|Any CPU.Build.0 = Debug|Any CPU
		{83B9FA45-C9BD-4558-ABB6-B78A4E13D9D2}.Release|Any CPU.ActiveCfg = Release|Any CPU
		{83B9FA45-C9BD-4558-ABB6-B78A4E13D9D2}.Release|Any CPU.Build.0 = Release|Any CPU
		{83B9FA45-C9BD-4558-ABB6-B78A4E13D9D2}.ServicesCoreEventGrid|Any CPU.ActiveCfg = Release|Any CPU
		{83B9FA45-C9BD-4558-ABB6-B78A4E13D9D2}.ServicesCoreServiceBus|Any CPU.ActiveCfg = Release|Any CPU
		{83B9FA45-C9BD-4558-ABB6-B78A4E13D9D2}.WebCore|Any CPU.ActiveCfg = Release|Any CPU
		{83B9FA45-C9BD-4558-ABB6-B78A4E13D9D2}.WebFull|Any CPU.ActiveCfg = Release|Any CPU
		{93D0D0EA-0E82-44C3-868F-CBBF2210BBDE}.DataLoaders|Any CPU.ActiveCfg = Debug|Any CPU
		{93D0D0EA-0E82-44C3-868F-CBBF2210BBDE}.DataLoaders|Any CPU.Build.0 = Debug|Any CPU
		{93D0D0EA-0E82-44C3-868F-CBBF2210BBDE}.Debug|Any CPU.ActiveCfg = Debug|Any CPU
		{93D0D0EA-0E82-44C3-868F-CBBF2210BBDE}.Debug|Any CPU.Build.0 = Debug|Any CPU
		{93D0D0EA-0E82-44C3-868F-CBBF2210BBDE}.Release|Any CPU.ActiveCfg = Release|Any CPU
		{93D0D0EA-0E82-44C3-868F-CBBF2210BBDE}.Release|Any CPU.Build.0 = Release|Any CPU
		{93D0D0EA-0E82-44C3-868F-CBBF2210BBDE}.ServicesCoreEventGrid|Any CPU.ActiveCfg = Debug|Any CPU
		{93D0D0EA-0E82-44C3-868F-CBBF2210BBDE}.ServicesCoreEventGrid|Any CPU.Build.0 = Debug|Any CPU
		{93D0D0EA-0E82-44C3-868F-CBBF2210BBDE}.ServicesCoreServiceBus|Any CPU.ActiveCfg = Debug|Any CPU
		{93D0D0EA-0E82-44C3-868F-CBBF2210BBDE}.ServicesCoreServiceBus|Any CPU.Build.0 = Debug|Any CPU
		{93D0D0EA-0E82-44C3-868F-CBBF2210BBDE}.WebCore|Any CPU.ActiveCfg = Debug|Any CPU
		{93D0D0EA-0E82-44C3-868F-CBBF2210BBDE}.WebCore|Any CPU.Build.0 = Debug|Any CPU
		{93D0D0EA-0E82-44C3-868F-CBBF2210BBDE}.WebFull|Any CPU.ActiveCfg = Debug|Any CPU
		{93D0D0EA-0E82-44C3-868F-CBBF2210BBDE}.WebFull|Any CPU.Build.0 = Debug|Any CPU
		{1D3587F9-7AF2-44CE-8BD3-548997DBDC3A}.DataLoaders|Any CPU.ActiveCfg = Debug|Any CPU
		{1D3587F9-7AF2-44CE-8BD3-548997DBDC3A}.DataLoaders|Any CPU.Build.0 = Debug|Any CPU
		{1D3587F9-7AF2-44CE-8BD3-548997DBDC3A}.Debug|Any CPU.ActiveCfg = Debug|Any CPU
		{1D3587F9-7AF2-44CE-8BD3-548997DBDC3A}.Debug|Any CPU.Build.0 = Debug|Any CPU
		{1D3587F9-7AF2-44CE-8BD3-548997DBDC3A}.Release|Any CPU.ActiveCfg = Release|Any CPU
		{1D3587F9-7AF2-44CE-8BD3-548997DBDC3A}.Release|Any CPU.Build.0 = Release|Any CPU
		{1D3587F9-7AF2-44CE-8BD3-548997DBDC3A}.ServicesCoreEventGrid|Any CPU.ActiveCfg = Debug|Any CPU
		{1D3587F9-7AF2-44CE-8BD3-548997DBDC3A}.ServicesCoreEventGrid|Any CPU.Build.0 = Debug|Any CPU
		{1D3587F9-7AF2-44CE-8BD3-548997DBDC3A}.ServicesCoreServiceBus|Any CPU.ActiveCfg = Debug|Any CPU
		{1D3587F9-7AF2-44CE-8BD3-548997DBDC3A}.ServicesCoreServiceBus|Any CPU.Build.0 = Debug|Any CPU
		{1D3587F9-7AF2-44CE-8BD3-548997DBDC3A}.WebCore|Any CPU.ActiveCfg = Debug|Any CPU
		{1D3587F9-7AF2-44CE-8BD3-548997DBDC3A}.WebCore|Any CPU.Build.0 = Debug|Any CPU
		{1D3587F9-7AF2-44CE-8BD3-548997DBDC3A}.WebFull|Any CPU.ActiveCfg = Debug|Any CPU
		{1D3587F9-7AF2-44CE-8BD3-548997DBDC3A}.WebFull|Any CPU.Build.0 = Debug|Any CPU
	EndGlobalSection
	GlobalSection(SolutionProperties) = preSolution
		HideSolutionNode = FALSE
	EndGlobalSection
	GlobalSection(ExtensibilityGlobals) = postSolution
		SolutionGuid = {08DCD68C-311B-4EBA-94C5-29EEC539ECC9}
	EndGlobalSection
EndGlobal
