
Microsoft Visual Studio Solution File, Format Version 12.00
# Visual Studio 15
VisualStudioVersion = 15.0.26730.15
MinimumVisualStudioVersion = 10.0.40219.1
Project("{151D2E53-A2C4-4D7D-83FE-D05416EBD58E}") = "Environments", "Environments\Environments.deployproj", "{6EC62416-FEE0-4D9C-A150-3C789F1A07BD}"
EndProject
Project("{FAE04EC0-301F-11D3-BF4B-00C04F79EFBC}") = "PartsUnlimitedWebsite", "PartsUnlimitedWebsite\PartsUnlimitedWebsite.csproj", "{68411661-4B0C-444A-BC13-2182FBB116B9}"
EndProject
Global
	GlobalSection(SolutionConfigurationPlatforms) = preSolution
		Debug|Any CPU = Debug|Any CPU
		Release|Any CPU = Release|Any CPU
	EndGlobalSection
	GlobalSection(ProjectConfigurationPlatforms) = postSolution
		{6EC62416-FEE0-4D9C-A150-3C789F1A07BD}.Debug|Any CPU.ActiveCfg = Debug|Any CPU
		{6EC62416-FEE0-4D9C-A150-3C789F1A07BD}.Debug|Any CPU.Build.0 = Debug|Any CPU
		{6EC62416-FEE0-4D9C-A150-3C789F1A07BD}.Release|Any CPU.ActiveCfg = Release|Any CPU
		{6EC62416-FEE0-4D9C-A150-3C789F1A07BD}.Release|Any CPU.Build.0 = Release|Any CPU
		{68411661-4B0C-444A-BC13-2182FBB116B9}.Debug|Any CPU.ActiveCfg = Debug|Any CPU
		{68411661-4B0C-444A-BC13-2182FBB116B9}.Debug|Any CPU.Build.0 = Debug|Any CPU
		{68411661-4B0C-444A-BC13-2182FBB116B9}.Release|Any CPU.ActiveCfg = Release|Any CPU
		{68411661-4B0C-444A-BC13-2182FBB116B9}.Release|Any CPU.Build.0 = Release|Any CPU
	EndGlobalSection
	GlobalSection(SolutionProperties) = preSolution
		HideSolutionNode = FALSE
	EndGlobalSection
	GlobalSection(ExtensibilityGlobals) = postSolution
		SolutionGuid = {96DD4494-E274-47B2-934D-0214BC4FAAE1}
	EndGlobalSection
EndGlobal
