
Microsoft Visual Studio Solution File, Format Version 12.00
# Visual Studio Version 17
VisualStudioVersion = 17.4.33110.190
MinimumVisualStudioVersion = 10.0.40219.1
Project("{9A19103F-16F7-4668-BE54-9A1E7A4F7556}") = "RazorPagesTestSample.Tests", "RazorPagesTestSample.Tests.csproj", "{E55A7CB2-BF72-4E44-AE87-D0E5BD40ED36}"
EndProject
Global
	GlobalSection(SolutionConfigurationPlatforms) = preSolution
		Debug|Any CPU = Debug|Any CPU
		Release|Any CPU = Release|Any CPU
	EndGlobalSection
	GlobalSection(ProjectConfigurationPlatforms) = postSolution
		{E55A7CB2-BF72-4E44-AE87-D0E5BD40ED36}.Debug|Any CPU.ActiveCfg = Debug|Any CPU
		{E55A7CB2-BF72-4E44-AE87-D0E5BD40ED36}.Debug|Any CPU.Build.0 = Debug|Any CPU
		{E55A7CB2-BF72-4E44-AE87-D0E5BD40ED36}.Release|Any CPU.ActiveCfg = Release|Any CPU
		{E55A7CB2-BF72-4E44-AE87-D0E5BD40ED36}.Release|Any CPU.Build.0 = Release|Any CPU
	EndGlobalSection
	GlobalSection(SolutionProperties) = preSolution
		HideSolutionNode = FALSE
	EndGlobalSection
	GlobalSection(ExtensibilityGlobals) = postSolution
		SolutionGuid = {524718AC-7516-4CCB-9F40-EC24C28F9904}
	EndGlobalSection
EndGlobal
