
Microsoft Visual Studio Solution File, Format Version 12.00
# Visual Studio 15
VisualStudioVersion = 15.0.26730.15
MinimumVisualStudioVersion = 10.0.40219.1
Project("{9A19103F-16F7-4668-BE54-9A1E7A4F7556}") = "aspnet-core-dotnet-core", "aspnet-core-dotnet-core\aspnet-core-dotnet-core.csproj", "{8BD3CF50-CAE9-419F-A933-C0EFADBE7731}"
EndProject
Project("{9A19103F-16F7-4668-BE54-9A1E7A4F7556}") = "aspnet-core-dotnet-core.FunctionalTests", "aspnet-core-dotnet-core.FunctionalTests\aspnet-core-dotnet-core.FunctionalTests.csproj", "{F9831ACD-BBF5-47DB-8955-07100C536EBB}"
EndProject
Project("{9A19103F-16F7-4668-BE54-9A1E7A4F7556}") = "aspnet-core-dotnet-core.UnitTests", "aspnet-core-dotnet-core.UnitTests\aspnet-core-dotnet-core.UnitTests.csproj", "{242243D3-0042-4C61-AB59-F9FA0FAA9DED}"
EndProject
Global
	GlobalSection(SolutionConfigurationPlatforms) = preSolution
		Debug|Any CPU = Debug|Any CPU
		Release|Any CPU = Release|Any CPU
	EndGlobalSection
	GlobalSection(ProjectConfigurationPlatforms) = postSolution
		{8BD3CF50-CAE9-419F-A933-C0EFADBE7731}.Debug|Any CPU.ActiveCfg = Debug|Any CPU
		{8BD3CF50-CAE9-419F-A933-C0EFADBE7731}.Debug|Any CPU.Build.0 = Debug|Any CPU
		{8BD3CF50-CAE9-419F-A933-C0EFADBE7731}.Release|Any CPU.ActiveCfg = Release|Any CPU
		{8BD3CF50-CAE9-419F-A933-C0EFADBE7731}.Release|Any CPU.Build.0 = Release|Any CPU
		{F9831ACD-BBF5-47DB-8955-07100C536EBB}.Debug|Any CPU.ActiveCfg = Debug|Any CPU
		{F9831ACD-BBF5-47DB-8955-07100C536EBB}.Debug|Any CPU.Build.0 = Debug|Any CPU
		{F9831ACD-BBF5-47DB-8955-07100C536EBB}.Release|Any CPU.ActiveCfg = Release|Any CPU
		{F9831ACD-BBF5-47DB-8955-07100C536EBB}.Release|Any CPU.Build.0 = Release|Any CPU
		{242243D3-0042-4C61-AB59-F9FA0FAA9DED}.Debug|Any CPU.ActiveCfg = Debug|Any CPU
		{242243D3-0042-4C61-AB59-F9FA0FAA9DED}.Debug|Any CPU.Build.0 = Debug|Any CPU
		{242243D3-0042-4C61-AB59-F9FA0FAA9DED}.Release|Any CPU.ActiveCfg = Release|Any CPU
		{242243D3-0042-4C61-AB59-F9FA0FAA9DED}.Release|Any CPU.Build.0 = Release|Any CPU
	EndGlobalSection
	GlobalSection(SolutionProperties) = preSolution
		HideSolutionNode = FALSE
	EndGlobalSection
	GlobalSection(ExtensibilityGlobals) = postSolution
		SolutionGuid = {11A23A0A-206A-4827-BBE8-CE44979FDDCE}
	EndGlobalSection
EndGlobal
