
Microsoft Visual Studio Solution File, Format Version 12.00
# Visual Studio Version 16
VisualStudioVersion = 16.0.30011.22
MinimumVisualStudioVersion = 10.0.40219.1
Project("{9A19103F-16F7-4668-BE54-9A1E7A4F7556}") = "Functions", "Functions\Functions.csproj", "{3764F711-4A71-41D9-ACE6-2F7B19217C37}"
EndProject
Project("{FAE04EC0-301F-11D3-BF4B-00C04F79EFBC}") = "API", "API\API.csproj", "{D13F4F24-7363-4178-A698-9D769A558ED6}"
EndProject
Global
	GlobalSection(SolutionConfigurationPlatforms) = preSolution
		Debug|Any CPU = Debug|Any CPU
		Release|Any CPU = Release|Any CPU
	EndGlobalSection
	GlobalSection(ProjectConfigurationPlatforms) = postSolution
		{3764F711-4A71-41D9-ACE6-2F7B19217C37}.Debug|Any CPU.ActiveCfg = Debug|Any CPU
		{3764F711-4A71-41D9-ACE6-2F7B19217C37}.Debug|Any CPU.Build.0 = Debug|Any CPU
		{3764F711-4A71-41D9-ACE6-2F7B19217C37}.Release|Any CPU.ActiveCfg = Release|Any CPU
		{3764F711-4A71-41D9-ACE6-2F7B19217C37}.Release|Any CPU.Build.0 = Release|Any CPU
		{D13F4F24-7363-4178-A698-9D769A558ED6}.Debug|Any CPU.ActiveCfg = Debug|Any CPU
		{D13F4F24-7363-4178-A698-9D769A558ED6}.Debug|Any CPU.Build.0 = Debug|Any CPU
		{D13F4F24-7363-4178-A698-9D769A558ED6}.Release|Any CPU.ActiveCfg = Release|Any CPU
		{D13F4F24-7363-4178-A698-9D769A558ED6}.Release|Any CPU.Build.0 = Release|Any CPU
	EndGlobalSection
	GlobalSection(SolutionProperties) = preSolution
		HideSolutionNode = FALSE
	EndGlobalSection
	GlobalSection(ExtensibilityGlobals) = postSolution
		SolutionGuid = {C5BAA1D5-705B-4C90-BEE1-E6424CDCDF2B}
	EndGlobalSection
EndGlobal
