{
    "version": 3,
    "terraform_version": "0.11.13",
    "serial": 2,
    "lineage": "e4470e42-b33d-3314-c74f-662103a79e9f",
    "modules": [
        {
            "path": [
                "root"
            ],
            "outputs": {},
            "resources": {
                "azurerm_network_security_group.myterraformnsg": {
                    "type": "azurerm_network_security_group",
                    "depends_on": [
                        "azurerm_resource_group.rg"
                    ],
                    "primary": {
                        "id": "/subscriptions/f86c31f3-db18-4503-8fa4-d2b67a6474e2/resourceGroups/WTHTFRG/providers/Microsoft.Network/networkSecurityGroups/WTHNSG",
                        "attributes": {
                            "id": "/subscriptions/f86c31f3-db18-4503-8fa4-d2b67a6474e2/resourceGroups/WTHTFRG/providers/Microsoft.Network/networkSecurityGroups/WTHNSG",
                            "location": "eastus",
                            "name": "WTHNSG",
                            "resource_group_name": "WTHTFRG",
                            "security_rule.#": "2",
                            "security_rule.2090309246.access": "Allow",
                            "security_rule.2090309246.description": "",
                            "security_rule.2090309246.destination_address_prefix": "*",
                            "security_rule.2090309246.destination_address_prefixes.#": "0",
                            "security_rule.2090309246.destination_application_security_group_ids.#": "0",
                            "security_rule.2090309246.destination_port_range": "22",
                            "security_rule.2090309246.destination_port_ranges.#": "0",
                            "security_rule.2090309246.direction": "Inbound",
                            "security_rule.2090309246.name": "SSH",
                            "security_rule.2090309246.priority": "1001",
                            "security_rule.2090309246.protocol": "Tcp",
                            "security_rule.2090309246.source_address_prefix": "*",
                            "security_rule.2090309246.source_address_prefixes.#": "0",
                            "security_rule.2090309246.source_application_security_group_ids.#": "0",
                            "security_rule.2090309246.source_port_range": "*",
                            "security_rule.2090309246.source_port_ranges.#": "0",
                            "security_rule.2455716876.access": "Allow",
                            "security_rule.2455716876.description": "",
                            "security_rule.2455716876.destination_address_prefix": "*",
                            "security_rule.2455716876.destination_address_prefixes.#": "0",
                            "security_rule.2455716876.destination_application_security_group_ids.#": "0",
                            "security_rule.2455716876.destination_port_range": "80",
                            "security_rule.2455716876.destination_port_ranges.#": "0",
                            "security_rule.2455716876.direction": "Inbound",
                            "security_rule.2455716876.name": "HTTP",
                            "security_rule.2455716876.priority": "1002",
                            "security_rule.2455716876.protocol": "Tcp",
                            "security_rule.2455716876.source_address_prefix": "*",
                            "security_rule.2455716876.source_address_prefixes.#": "0",
                            "security_rule.2455716876.source_application_security_group_ids.#": "0",
                            "security_rule.2455716876.source_port_range": "*",
                            "security_rule.2455716876.source_port_ranges.#": "0",
                            "tags.%": "1",
                            "tags.environment": "WTH Terraform"
                        },
                        "meta": {},
                        "tainted": false
                    },
                    "deposed": [],
                    "provider": "provider.azurerm"
                },
                "azurerm_public_ip.myterraformpublicip": {
                    "type": "azurerm_public_ip",
                    "depends_on": [
                        "azurerm_resource_group.rg"
                    ],
                    "primary": {
                        "id": "/subscriptions/f86c31f3-db18-4503-8fa4-d2b67a6474e2/resourceGroups/WTHTFRG/providers/Microsoft.Network/publicIPAddresses/myPublicIP",
                        "attributes": {
                            "allocation_method": "Dynamic",
                            "id": "/subscriptions/f86c31f3-db18-4503-8fa4-d2b67a6474e2/resourceGroups/WTHTFRG/providers/Microsoft.Network/publicIPAddresses/myPublicIP",
                            "idle_timeout_in_minutes": "4",
                            "ip_address": "",
                            "ip_version": "IPv4",
                            "location": "eastus",
                            "name": "myPublicIP",
                            "public_ip_address_allocation": "Dynamic",
                            "resource_group_name": "WTHTFRG",
                            "sku": "Basic",
                            "tags.%": "1",
                            "tags.environment": "WTH Terraform",
                            "zones.#": "0"
                        },
                        "meta": {},
                        "tainted": false
                    },
                    "deposed": [],
                    "provider": "provider.azurerm"
                },
                "azurerm_resource_group.rg": {
                    "type": "azurerm_resource_group",
                    "depends_on": [],
                    "primary": {
                        "id": "/subscriptions/f86c31f3-db18-4503-8fa4-d2b67a6474e2/resourceGroups/WTHTFRG",
                        "attributes": {
                            "id": "/subscriptions/f86c31f3-db18-4503-8fa4-d2b67a6474e2/resourceGroups/WTHTFRG",
                            "location": "eastus",
                            "name": "WTHTFRG",
                            "tags.%": "0"
                        },
                        "meta": {},
                        "tainted": false
                    },
                    "deposed": [],
                    "provider": "provider.azurerm"
                },
                "azurerm_storage_account.mystorageaccount": {
                    "type": "azurerm_storage_account",
                    "depends_on": [
                        "azurerm_resource_group.rg",
                        "random_id.randomId"
                    ],
                    "primary": {
                        "id": "/subscriptions/f86c31f3-db18-4503-8fa4-d2b67a6474e2/resourceGroups/WTHTFRG/providers/Microsoft.Storage/storageAccounts/diagb9632724e6e213b7",
                        "attributes": {
                            "access_tier": "",
                            "account_encryption_source": "Microsoft.Storage",
                            "account_kind": "Storage",
                            "account_replication_type": "LRS",
                            "account_tier": "Standard",
                            "account_type": "Standard_LRS",
                            "enable_blob_encryption": "true",
                            "enable_file_encryption": "true",
                            "enable_https_traffic_only": "false",
                            "id": "/subscriptions/f86c31f3-db18-4503-8fa4-d2b67a6474e2/resourceGroups/WTHTFRG/providers/Microsoft.Storage/storageAccounts/diagb9632724e6e213b7",
                            "identity.#": "0",
                            "is_hns_enabled": "false",
                            "location": "eastus",
                            "name": "diagb9632724e6e213b7",
                            "network_rules.#": "0",
                            "primary_access_key": "WSXUjRDNSPejR4XC+jperGEy0Gm6EI4M1qOjSc2O6Qab9bifUoiQl7afgRG5hUfgRvdBP03xzO8F/cMJP9UcvA==",
                            "primary_blob_connection_string": "DefaultEndpointsProtocol=https;BlobEndpoint=https://diagb9632724e6e213b7.blob.core.windows.net/;AccountName=diagb9632724e6e213b7;AccountKey=WSXUjRDNSPejR4XC+jperGEy0Gm6EI4M1qOjSc2O6Qab9bifUoiQl7afgRG5hUfgRvdBP03xzO8F/cMJP9UcvA==",
                            "primary_blob_endpoint": "https://diagb9632724e6e213b7.blob.core.windows.net/",
                            "primary_blob_host": "diagb9632724e6e213b7.blob.core.windows.net",
                            "primary_connection_string": "DefaultEndpointsProtocol=https;AccountName=diagb9632724e6e213b7;AccountKey=WSXUjRDNSPejR4XC+jperGEy0Gm6EI4M1qOjSc2O6Qab9bifUoiQl7afgRG5hUfgRvdBP03xzO8F/cMJP9UcvA==;EndpointSuffix=core.windows.net",
                            "primary_dfs_endpoint": "",
                            "primary_dfs_host": "",
                            "primary_file_endpoint": "https://diagb9632724e6e213b7.file.core.windows.net/",
                            "primary_file_host": "diagb9632724e6e213b7.file.core.windows.net",
                            "primary_location": "eastus",
                            "primary_queue_endpoint": "https://diagb9632724e6e213b7.queue.core.windows.net/",
                            "primary_queue_host": "diagb9632724e6e213b7.queue.core.windows.net",
                            "primary_table_endpoint": "https://diagb9632724e6e213b7.table.core.windows.net/",
                            "primary_table_host": "diagb9632724e6e213b7.table.core.windows.net",
                            "primary_web_endpoint": "",
                            "primary_web_host": "",
                            "resource_group_name": "WTHTFRG",
                            "secondary_access_key": "0A+AXzUCbLj/6sAo2BPFCo6kNQ/8iljJQCbNbFLKABel9gvKMXYgz4CgRzu57ZelmTdHJExBiB/rXxwOnoOSfw==",
                            "secondary_blob_connection_string": "",
                            "secondary_connection_string": "DefaultEndpointsProtocol=https;AccountName=diagb9632724e6e213b7;AccountKey=0A+AXzUCbLj/6sAo2BPFCo6kNQ/8iljJQCbNbFLKABel9gvKMXYgz4CgRzu57ZelmTdHJExBiB/rXxwOnoOSfw==;EndpointSuffix=core.windows.net",
                            "secondary_location": "",
                            "tags.%": "1",
                            "tags.environment": "WTH Terraform"
                        },
                        "meta": {
                            "schema_version": "2"
                        },
                        "tainted": false
                    },
                    "deposed": [],
                    "provider": "provider.azurerm"
                },
                "data.azurerm_resource_group.image": {
                    "type": "azurerm_resource_group",
                    "depends_on": [
                        "azurerm_resource_group.rg"
                    ],
                    "primary": {
                        "id": "/subscriptions/f86c31f3-db18-4503-8fa4-d2b67a6474e2/resourceGroups/WTHTFRG",
                        "attributes": {
                            "id": "/subscriptions/f86c31f3-db18-4503-8fa4-d2b67a6474e2/resourceGroups/WTHTFRG",
                            "location": "eastus",
                            "name": "WTHTFRG",
                            "tags.%": "0"
                        },
                        "meta": {},
                        "tainted": false
                    },
                    "deposed": [],
                    "provider": "provider.azurerm"
                },
                "random_id.randomId": {
                    "type": "random_id",
                    "depends_on": [
                        "azurerm_resource_group.rg"
                    ],
                    "primary": {
                        "id": "uWMnJObiE7c",
                        "attributes": {
                            "b64": "uWMnJObiE7c",
                            "b64_std": "uWMnJObiE7c=",
                            "b64_url": "uWMnJObiE7c",
                            "byte_length": "8",
                            "dec": "13358563959156904887",
                            "hex": "b9632724e6e213b7",
                            "id": "uWMnJObiE7c",
                            "keepers.%": "1",
                            "keepers.resource_group": "WTHTFRG"
                        },
                        "meta": {},
                        "tainted": false
                    },
                    "deposed": [],
                    "provider": "provider.random"
                }
            },
            "depends_on": []
        }
    ]
}
