
Microsoft Visual Studio Solution File, Format Version 12.00
# Visual Studio Version 17
VisualStudioVersion = 17.7.33711.374
MinimumVisualStudioVersion = 10.0.40219.1
Project("{9A19103F-16F7-4668-BE54-9A1E7A4F7556}") = "RockPaperScissorsBoom.Server", "RockPaperScissorsBoom.Server\RockPaperScissorsBoom.Server.csproj", "{D5231A79-7796-4733-856D-413DDA5E6DE2}"
EndProject
Project("{9A19103F-16F7-4668-BE54-9A1E7A4F7556}") = "RockPaperScissor.Core", "RockPaperScissor.Core\RockPaperScissor.Core.csproj", "{3A0230AF-C443-4A9E-BFCD-3A53A8967EB2}"
EndProject
Project("{9A19103F-16F7-4668-BE54-9A1E7A4F7556}") = "UnitTests", "UnitTests\UnitTests.csproj", "{01F2116E-8B50-466C-982C-F535D1048E83}"
EndProject
Project("{9A19103F-16F7-4668-BE54-9A1E7A4F7556}") = "RockPaperScissorsBoom.ExampleBot", "RockPaperScissorsBoom.ExampleBot\RockPaperScissorsBoom.ExampleBot.csproj", "{8AE78E1D-CAD0-4661-9805-59698A371992}"
EndProject
Project("{2150E333-8FDC-42A3-9474-1A3956D46DE8}") = "Solution Items", "Solution Items", "{07D9C43D-3A82-4F5C-B69C-F0330181B671}"
	ProjectSection(SolutionItems) = preProject
		docker-compose.yaml = docker-compose.yaml
		docker.yaml = docker.yaml
		Dockerfile-ExampleBot = Dockerfile-ExampleBot
		Dockerfile-Server = Dockerfile-Server
	EndProjectSection
EndProject
Global
	GlobalSection(SolutionConfigurationPlatforms) = preSolution
		Debug|Any CPU = Debug|Any CPU
		Release|Any CPU = Release|Any CPU
	EndGlobalSection
	GlobalSection(ProjectConfigurationPlatforms) = postSolution
		{D5231A79-7796-4733-856D-413DDA5E6DE2}.Debug|Any CPU.ActiveCfg = Debug|Any CPU
		{D5231A79-7796-4733-856D-413DDA5E6DE2}.Debug|Any CPU.Build.0 = Debug|Any CPU
		{D5231A79-7796-4733-856D-413DDA5E6DE2}.Release|Any CPU.ActiveCfg = Release|Any CPU
		{D5231A79-7796-4733-856D-413DDA5E6DE2}.Release|Any CPU.Build.0 = Release|Any CPU
		{3A0230AF-C443-4A9E-BFCD-3A53A8967EB2}.Debug|Any CPU.ActiveCfg = Debug|Any CPU
		{3A0230AF-C443-4A9E-BFCD-3A53A8967EB2}.Debug|Any CPU.Build.0 = Debug|Any CPU
		{3A0230AF-C443-4A9E-BFCD-3A53A8967EB2}.Release|Any CPU.ActiveCfg = Release|Any CPU
		{3A0230AF-C443-4A9E-BFCD-3A53A8967EB2}.Release|Any CPU.Build.0 = Release|Any CPU
		{01F2116E-8B50-466C-982C-F535D1048E83}.Debug|Any CPU.ActiveCfg = Debug|Any CPU
		{01F2116E-8B50-466C-982C-F535D1048E83}.Debug|Any CPU.Build.0 = Debug|Any CPU
		{01F2116E-8B50-466C-982C-F535D1048E83}.Release|Any CPU.ActiveCfg = Release|Any CPU
		{01F2116E-8B50-466C-982C-F535D1048E83}.Release|Any CPU.Build.0 = Release|Any CPU
		{8AE78E1D-CAD0-4661-9805-59698A371992}.Debug|Any CPU.ActiveCfg = Debug|Any CPU
		{8AE78E1D-CAD0-4661-9805-59698A371992}.Debug|Any CPU.Build.0 = Debug|Any CPU
		{8AE78E1D-CAD0-4661-9805-59698A371992}.Release|Any CPU.ActiveCfg = Release|Any CPU
		{8AE78E1D-CAD0-4661-9805-59698A371992}.Release|Any CPU.Build.0 = Release|Any CPU
	EndGlobalSection
	GlobalSection(SolutionProperties) = preSolution
		HideSolutionNode = FALSE
	EndGlobalSection
	GlobalSection(ExtensibilityGlobals) = postSolution
		SolutionGuid = {0CC302DD-65E0-4403-81CB-97876538003B}
	EndGlobalSection
EndGlobal
