
Microsoft Visual Studio Solution File, Format Version 12.00
# Visual Studio Version 16
VisualStudioVersion = 16.0.30611.23
MinimumVisualStudioVersion = 10.0.40219.1
Project("{9A19103F-16F7-4668-BE54-9A1E7A4F7556}") = "TollBooth", "TollBooth\TollBooth.csproj", "{C685154D-E224-46AA-87BB-A87ED30B0121}"
EndProject
Project("{9A19103F-16F7-4668-BE54-9A1E7A4F7556}") = "UploadImages", "UploadImages\UploadImages.csproj", "{8F2A968F-AE98-41FE-BC87-6BF603CE5B7D}"
EndProject
Global
	GlobalSection(SolutionConfigurationPlatforms) = preSolution
		Debug|Any CPU = Debug|Any CPU
		Release|Any CPU = Release|Any CPU
	EndGlobalSection
	GlobalSection(ProjectConfigurationPlatforms) = postSolution
		{C685154D-E224-46AA-87BB-A87ED30B0121}.Debug|Any CPU.ActiveCfg = Debug|Any CPU
		{C685154D-E224-46AA-87BB-A87ED30B0121}.Debug|Any CPU.Build.0 = Debug|Any CPU
		{C685154D-E224-46AA-87BB-A87ED30B0121}.Release|Any CPU.ActiveCfg = Release|Any CPU
		{C685154D-E224-46AA-87BB-A87ED30B0121}.Release|Any CPU.Build.0 = Release|Any CPU
		{8F2A968F-AE98-41FE-BC87-6BF603CE5B7D}.Debug|Any CPU.ActiveCfg = Debug|Any CPU
		{8F2A968F-AE98-41FE-BC87-6BF603CE5B7D}.Debug|Any CPU.Build.0 = Debug|Any CPU
		{8F2A968F-AE98-41FE-BC87-6BF603CE5B7D}.Release|Any CPU.ActiveCfg = Release|Any CPU
		{8F2A968F-AE98-41FE-BC87-6BF603CE5B7D}.Release|Any CPU.Build.0 = Release|Any CPU
	EndGlobalSection
	GlobalSection(SolutionProperties) = preSolution
		HideSolutionNode = FALSE
	EndGlobalSection
	GlobalSection(ExtensibilityGlobals) = postSolution
		SolutionGuid = {CA95E904-E9CD-4D13-A55A-E6B300F7F7FA}
	EndGlobalSection
EndGlobal
