
Microsoft Visual Studio Solution File, Format Version 12.00
# Visual Studio 14
VisualStudioVersion = 14.0.25420.1
MinimumVisualStudioVersion = 10.0.40219.1
Project("{FAE04EC0-301F-11D3-BF4B-00C04F79EFBC}") = "CustomVision.Sample", "CustomVision.Sample.csproj", "{6B47D67A-98D6-4465-B663-65150F3DE27A}"
EndProject
Global
	GlobalSection(SolutionConfigurationPlatforms) = preSolution
		Debug|Any CPU = Debug|Any CPU
		Release|Any CPU = Release|Any CPU
	EndGlobalSection
	GlobalSection(ProjectConfigurationPlatforms) = postSolution
		{6B47D67A-98D6-4465-B663-65150F3DE27A}.Debug|Any CPU.ActiveCfg = Debug|Any CPU
		{6B47D67A-98D6-4465-B663-65150F3DE27A}.Debug|Any CPU.Build.0 = Debug|Any CPU
		{6B47D67A-98D6-4465-B663-65150F3DE27A}.Release|Any CPU.ActiveCfg = Release|Any CPU
		{6B47D67A-98D6-4465-B663-65150F3DE27A}.Release|Any CPU.Build.0 = Release|Any CPU
	EndGlobalSection
	GlobalSection(SolutionProperties) = preSolution
		HideSolutionNode = FALSE
	EndGlobalSection
EndGlobal
