
Microsoft Visual Studio Solution File, Format Version 12.00
# Visual Studio 15
VisualStudioVersion = 15.0.27428.2002
MinimumVisualStudioVersion = 10.0.40219.1
Project("{FAE04EC0-301F-11D3-BF4B-00C04F79EFBC}") = "PictureBot", "PictureBot\PictureBot.csproj", "{62C2D2E5-0F23-4170-844F-2227F673C239}"
EndProject
Global
	GlobalSection(SolutionConfigurationPlatforms) = preSolution
		Debug|Any CPU = Debug|Any CPU
		Release|Any CPU = Release|Any CPU
	EndGlobalSection
	GlobalSection(ProjectConfigurationPlatforms) = postSolution
		{62C2D2E5-0F23-4170-844F-2227F673C239}.Debug|Any CPU.ActiveCfg = Debug|Any CPU
		{62C2D2E5-0F23-4170-844F-2227F673C239}.Debug|Any CPU.Build.0 = Debug|Any CPU
		{62C2D2E5-0F23-4170-844F-2227F673C239}.Release|Any CPU.ActiveCfg = Release|Any CPU
		{62C2D2E5-0F23-4170-844F-2227F673C239}.Release|Any CPU.Build.0 = Release|Any CPU
	EndGlobalSection
	GlobalSection(SolutionProperties) = preSolution
		HideSolutionNode = FALSE
	EndGlobalSection
	GlobalSection(ExtensibilityGlobals) = postSolution
		SolutionGuid = {AC445894-B5BE-426B-BDB9-14DE183A6A74}
	EndGlobalSection
EndGlobal
